
Microsoft Visual Studio Solution File, Format Version 12.00
# Visual Studio 14
VisualStudioVersion = 14.0.24720.0
MinimumVisualStudioVersion = 10.0.40219.1
Project("{2150E333-8FDC-42A3-9474-1A3956D46DE8}") = "src", "src", "{94A412A9-BC0F-4EC6-8DF8-E15AECB154C5}"
EndProject
Project("{2150E333-8FDC-42A3-9474-1A3956D46DE8}") = "Solution Items", "Solution Items", "{F2D904CE-9E9D-43F1-8BE5-72DBB17FFDB7}"
	ProjectSection(SolutionItems) = preProject
		global.json = global.json
	EndProjectSection
EndProject
Project("{8BB2217D-0F2D-49D1-97BC-3654ED321F3B}") = "Dccelerator.Core", "src\Dccelerator.Core\Dccelerator.Core.xproj", "{ED664BD5-35FD-40E6-9156-1514C14155D6}"
EndProject
Project("{2150E333-8FDC-42A3-9474-1A3956D46DE8}") = "specs", "specs", "{8FCF91C8-AB08-4481-BBEE-94F54CF7F170}"
EndProject
Project("{2150E333-8FDC-42A3-9474-1A3956D46DE8}") = "DataAccess", "DataAccess", "{2E9AB6D9-9EDB-4652-9B98-7C24AF8DD5B7}"
EndProject
Project("{8BB2217D-0F2D-49D1-97BC-3654ED321F3B}") = "Dccelerator.DataAccess.Common", "src\DataAccess\Dccelerator.DataAccess.Common\Dccelerator.DataAccess.Common.xproj", "{54F9CC41-92D0-4019-A3A1-7B861EA7B707}"
EndProject
Project("{8BB2217D-0F2D-49D1-97BC-3654ED321F3B}") = "Dccelerator.DataAccess.Adapters.MsSql", "src\DataAccess\Dccelerator.DataAccess.Adapters.MsSql\Dccelerator.DataAccess.Adapters.MsSql.xproj", "{802E612E-433F-4974-8C7A-38398A982275}"
EndProject
Project("{8BB2217D-0F2D-49D1-97BC-3654ED321F3B}") = "Dccelerator.DataAccess.AdoNet", "src\DataAccess\Dccelerator.DataAccess.AdoNet\Dccelerator.DataAccess.AdoNet.xproj", "{55FE0A1E-B49A-490B-B4B1-4AA732F00A66}"
EndProject
Project("{FAE04EC0-301F-11D3-BF4B-00C04F79EFBC}") = "DataAccess.BerkeleyDb.Specs", "specs\DataAccess.BerkleyDb.Specs\DataAccess.BerkeleyDb.Specs.csproj", "{3B9C2C1D-5363-456F-B34C-03B5E633B792}"
EndProject
Project("{FAE04EC0-301F-11D3-BF4B-00C04F79EFBC}") = "ConsoleApplication1", "specs\ConsoleApplication1\ConsoleApplication1.csproj", "{F071E5CC-FC95-4980-AFF7-D9F03AA50D2A}"
EndProject
Project("{8BB2217D-0F2D-49D1-97BC-3654ED321F3B}") = "Dccelerator.DataAccess.BerkeleyDb", "src\DataAccess\Dccelerator.DataAccess.BerkeleyDb\Dccelerator.DataAccess.BerkeleyDb.xproj", "{EDF7CE71-93E7-4F81-9BFF-66D732B89674}"
EndProject
Project("{8BB2217D-0F2D-49D1-97BC-3654ED321F3B}") = "ConsoleApp1", "specs\ConsoleApp1\ConsoleApp1.xproj", "{F728ADB4-7247-49DF-A6D7-B0C2805095CE}"
EndProject
Global
	GlobalSection(SolutionConfigurationPlatforms) = preSolution
		Debug|Any CPU = Debug|Any CPU
		Release|Any CPU = Release|Any CPU
	EndGlobalSection
	GlobalSection(ProjectConfigurationPlatforms) = postSolution
		{ED664BD5-35FD-40E6-9156-1514C14155D6}.Debug|Any CPU.ActiveCfg = Debug|Any CPU
		{ED664BD5-35FD-40E6-9156-1514C14155D6}.Debug|Any CPU.Build.0 = Debug|Any CPU
		{ED664BD5-35FD-40E6-9156-1514C14155D6}.Release|Any CPU.ActiveCfg = Release|Any CPU
		{ED664BD5-35FD-40E6-9156-1514C14155D6}.Release|Any CPU.Build.0 = Release|Any CPU
		{54F9CC41-92D0-4019-A3A1-7B861EA7B707}.Debug|Any CPU.ActiveCfg = Debug|Any CPU
		{54F9CC41-92D0-4019-A3A1-7B861EA7B707}.Debug|Any CPU.Build.0 = Debug|Any CPU
		{54F9CC41-92D0-4019-A3A1-7B861EA7B707}.Release|Any CPU.ActiveCfg = Release|Any CPU
		{54F9CC41-92D0-4019-A3A1-7B861EA7B707}.Release|Any CPU.Build.0 = Release|Any CPU
		{802E612E-433F-4974-8C7A-38398A982275}.Debug|Any CPU.ActiveCfg = Debug|Any CPU
		{802E612E-433F-4974-8C7A-38398A982275}.Debug|Any CPU.Build.0 = Debug|Any CPU
		{802E612E-433F-4974-8C7A-38398A982275}.Release|Any CPU.ActiveCfg = Release|Any CPU
		{802E612E-433F-4974-8C7A-38398A982275}.Release|Any CPU.Build.0 = Release|Any CPU
		{55FE0A1E-B49A-490B-B4B1-4AA732F00A66}.Debug|Any CPU.ActiveCfg = Debug|Any CPU
		{55FE0A1E-B49A-490B-B4B1-4AA732F00A66}.Debug|Any CPU.Build.0 = Debug|Any CPU
		{55FE0A1E-B49A-490B-B4B1-4AA732F00A66}.Release|Any CPU.ActiveCfg = Release|Any CPU
		{55FE0A1E-B49A-490B-B4B1-4AA732F00A66}.Release|Any CPU.Build.0 = Release|Any CPU
		{3B9C2C1D-5363-456F-B34C-03B5E633B792}.Debug|Any CPU.ActiveCfg = Debug|Any CPU
		{3B9C2C1D-5363-456F-B34C-03B5E633B792}.Debug|Any CPU.Build.0 = Debug|Any CPU
		{3B9C2C1D-5363-456F-B34C-03B5E633B792}.Release|Any CPU.ActiveCfg = Release|Any CPU
		{3B9C2C1D-5363-456F-B34C-03B5E633B792}.Release|Any CPU.Build.0 = Release|Any CPU
		{F071E5CC-FC95-4980-AFF7-D9F03AA50D2A}.Debug|Any CPU.ActiveCfg = Debug|Any CPU
		{F071E5CC-FC95-4980-AFF7-D9F03AA50D2A}.Debug|Any CPU.Build.0 = Debug|Any CPU
		{F071E5CC-FC95-4980-AFF7-D9F03AA50D2A}.Release|Any CPU.ActiveCfg = Release|Any CPU
		{F071E5CC-FC95-4980-AFF7-D9F03AA50D2A}.Release|Any CPU.Build.0 = Release|Any CPU
		{EDF7CE71-93E7-4F81-9BFF-66D732B89674}.Debug|Any CPU.ActiveCfg = Debug|Any CPU
		{EDF7CE71-93E7-4F81-9BFF-66D732B89674}.Debug|Any CPU.Build.0 = Debug|Any CPU
		{EDF7CE71-93E7-4F81-9BFF-66D732B89674}.Release|Any CPU.ActiveCfg = Release|Any CPU
		{EDF7CE71-93E7-4F81-9BFF-66D732B89674}.Release|Any CPU.Build.0 = Release|Any CPU
		{F728ADB4-7247-49DF-A6D7-B0C2805095CE}.Debug|Any CPU.ActiveCfg = Debug|Any CPU
		{F728ADB4-7247-49DF-A6D7-B0C2805095CE}.Debug|Any CPU.Build.0 = Debug|Any CPU
		{F728ADB4-7247-49DF-A6D7-B0C2805095CE}.Release|Any CPU.ActiveCfg = Release|Any CPU
		{F728ADB4-7247-49DF-A6D7-B0C2805095CE}.Release|Any CPU.Build.0 = Release|Any CPU
	EndGlobalSection
	GlobalSection(SolutionProperties) = preSolution
		HideSolutionNode = FALSE
	EndGlobalSection
	GlobalSection(NestedProjects) = preSolution
		{ED664BD5-35FD-40E6-9156-1514C14155D6} = {94A412A9-BC0F-4EC6-8DF8-E15AECB154C5}
		{2E9AB6D9-9EDB-4652-9B98-7C24AF8DD5B7} = {94A412A9-BC0F-4EC6-8DF8-E15AECB154C5}
		{54F9CC41-92D0-4019-A3A1-7B861EA7B707} = {2E9AB6D9-9EDB-4652-9B98-7C24AF8DD5B7}
		{802E612E-433F-4974-8C7A-38398A982275} = {2E9AB6D9-9EDB-4652-9B98-7C24AF8DD5B7}
		{55FE0A1E-B49A-490B-B4B1-4AA732F00A66} = {2E9AB6D9-9EDB-4652-9B98-7C24AF8DD5B7}
		{3B9C2C1D-5363-456F-B34C-03B5E633B792} = {8FCF91C8-AB08-4481-BBEE-94F54CF7F170}
		{F071E5CC-FC95-4980-AFF7-D9F03AA50D2A} = {8FCF91C8-AB08-4481-BBEE-94F54CF7F170}
		{EDF7CE71-93E7-4F81-9BFF-66D732B89674} = {2E9AB6D9-9EDB-4652-9B98-7C24AF8DD5B7}
		{F728ADB4-7247-49DF-A6D7-B0C2805095CE} = {8FCF91C8-AB08-4481-BBEE-94F54CF7F170}
	EndGlobalSection
EndGlobal
