
Microsoft Visual Studio Solution File, Format Version 12.00
# Visual Studio Version 16
VisualStudioVersion = 16.0.29709.97
MinimumVisualStudioVersion = 10.0.40219.1
Project("{2150E333-8FDC-42A3-9474-1A3956D46DE8}") = "src", "src", "{94A412A9-BC0F-4EC6-8DF8-E15AECB154C5}"
EndProject
Project("{2150E333-8FDC-42A3-9474-1A3956D46DE8}") = "Solution Items", "Solution Items", "{F2D904CE-9E9D-43F1-8BE5-72DBB17FFDB7}"
	ProjectSection(SolutionItems) = preProject
		NugetPack.bat = NugetPack.bat
		NugetPublish.bat = NugetPublish.bat
	EndProjectSection
EndProject
Project("{2150E333-8FDC-42A3-9474-1A3956D46DE8}") = "specs", "specs", "{8FCF91C8-AB08-4481-BBEE-94F54CF7F170}"
EndProject
Project("{2150E333-8FDC-42A3-9474-1A3956D46DE8}") = "DataAccess", "DataAccess", "{2E9AB6D9-9EDB-4652-9B98-7C24AF8DD5B7}"
EndProject
Project("{9A19103F-16F7-4668-BE54-9A1E7A4F7556}") = "Dccelerator.DataAccess.Common", "src\DataAccess\Dccelerator.DataAccess.Common\Dccelerator.DataAccess.Common.csproj", "{54F9CC41-92D0-4019-A3A1-7B861EA7B707}"
EndProject
Project("{9A19103F-16F7-4668-BE54-9A1E7A4F7556}") = "Dccelerator.DataAccess.Adapters.MsSql", "src\DataAccess\Dccelerator.DataAccess.Adapters.MsSql\Dccelerator.DataAccess.Adapters.MsSql.csproj", "{802E612E-433F-4974-8C7A-38398A982275}"
EndProject
Project("{9A19103F-16F7-4668-BE54-9A1E7A4F7556}") = "Dccelerator.DataAccess.AdoNet", "src\DataAccess\Dccelerator.DataAccess.AdoNet\Dccelerator.DataAccess.AdoNet.csproj", "{55FE0A1E-B49A-490B-B4B1-4AA732F00A66}"
EndProject
Project("{9A19103F-16F7-4668-BE54-9A1E7A4F7556}") = "Dccelerator.DataAccess.BerkeleyDb", "src\DataAccess\Dccelerator.DataAccess.BerkeleyDb\Dccelerator.DataAccess.BerkeleyDb.csproj", "{EDF7CE71-93E7-4F81-9BFF-66D732B89674}"
EndProject
Project("{9A19103F-16F7-4668-BE54-9A1E7A4F7556}") = "Dccelerator.DataAccess.Lazy", "src\DataAccess\Dccelerator.DataAccess.Lazy\Dccelerator.DataAccess.Lazy.csproj", "{5C576A43-3EE7-48CB-8A8C-9B58BECFF0AE}"
EndProject
Project("{9A19103F-16F7-4668-BE54-9A1E7A4F7556}") = "Dccelerator.DataAccess.Adapters.Oracle", "src\DataAccess\Dccelerator.DataAccess.Adapters.Oracle\Dccelerator.DataAccess.Adapters.Oracle.csproj", "{5A19F9B4-4A6B-4893-AFAE-567A0B00B6F9}"
EndProject
Project("{D954291E-2A0B-460D-934E-DC6B0785DB48}") = "Dccelerator.Specifications.Shared", "specs\Dccelerator.Specifications.Shared\Dccelerator.Specifications.Shared.shproj", "{33695D1E-6EFD-4C81-A607-AE5D541C41BE}"
EndProject
Project("{FAE04EC0-301F-11D3-BF4B-00C04F79EFBC}") = "Dccelerator.Specifications.Net40", "specs\Dccelerator.Specifications.Net40\Dccelerator.Specifications.Net40.csproj", "{CC4E0CEE-8CD4-40AE-B76B-C2F3CF82DBE6}"
EndProject
Project("{9A19103F-16F7-4668-BE54-9A1E7A4F7556}") = "Dccelerator.UnAuthomatedTracing", "src\Dccelerator.UnAuthomatedTracing\Dccelerator.UnAuthomatedTracing.csproj", "{BDB0FAEA-2FF9-4697-A20B-5E5E99CF304A}"
EndProject
Project("{9A19103F-16F7-4668-BE54-9A1E7A4F7556}") = "Dccelerator.DataAccess.MongoDb", "src\DataAccess\Dccelerator.DataAccess.MongoDb\Dccelerator.DataAccess.MongoDb.csproj", "{0EACD7E7-7238-4900-8CCB-E53E924DB447}"
EndProject
Project("{FAE04EC0-301F-11D3-BF4B-00C04F79EFBC}") = "Dccelerator.Specifications.Net46", "specs\Dccelerator.Specifications.Net46\Dccelerator.Specifications.Net46.csproj", "{EC791B19-57FD-443E-86DB-56D2BBD6F87A}"
EndProject
Project("{9A19103F-16F7-4668-BE54-9A1E7A4F7556}") = "Dccelerator.UnFastReflection", "src\Dccelerator.UnFastReflection\Dccelerator.UnFastReflection.csproj", "{18DDAEE0-47B6-4814-8A4B-C0FA6E787B01}"
EndProject
Project("{9A19103F-16F7-4668-BE54-9A1E7A4F7556}") = "Dccelerator.UnSmartConvertion", "src\Dccelerator.UnSmartConvertion\Dccelerator.UnSmartConvertion.csproj", "{95AE43F0-6C69-45F1-AD51-83302EFC4E86}"
EndProject
Project("{9A19103F-16F7-4668-BE54-9A1E7A4F7556}") = "Dccelerator.UnEnumeratedHelpers", "src\Dccelerator.UnEnumeratedHelpers\Dccelerator.UnEnumeratedHelpers.csproj", "{5B2B0C55-5A58-4F20-898C-F6CD2F36C133}"
EndProject
Project("{9A19103F-16F7-4668-BE54-9A1E7A4F7556}") = "Dccelerator.UnRandomObjects", "src\Dccelerator.UnRandomObjects\Dccelerator.UnRandomObjects.csproj", "{0AE18BEA-E8B5-4521-B8DA-4932610A4DE6}"
EndProject
Project("{9A19103F-16F7-4668-BE54-9A1E7A4F7556}") = "Dccelerator.UnHappyNumbers", "src\Dccelerator.UnHappyNumbers\Dccelerator.UnHappyNumbers.csproj", "{3BC9BD80-0A1C-4F0C-93AD-46171CDF2BB6}"
EndProject
Project("{9A19103F-16F7-4668-BE54-9A1E7A4F7556}") = "Dccelerator.UnExpressAssertion", "src\Dccelerator.UnExpressAssertion\Dccelerator.UnExpressAssertion.csproj", "{6F72E935-2CF6-4CE7-8FD0-4DDBB23A8E7A}"
EndProject
Project("{9A19103F-16F7-4668-BE54-9A1E7A4F7556}") = "Dccelerator.DataAccess.Logging", "src\DataAccess\Dccelerator.DataAccess.Logging\Dccelerator.DataAccess.Logging.csproj", "{C684BC22-1DCF-4946-88B4-3F0075C786C4}"
EndProject
Project("{D954291E-2A0B-460D-934E-DC6B0785DB48}") = "Dccelerator.UnShared", "src\Dccelerator.UnShared\Dccelerator.UnShared.shproj", "{A1627539-BA93-441E-BB41-00FA61FA5A38}"
EndProject
Project("{9A19103F-16F7-4668-BE54-9A1E7A4F7556}") = "Dccelerator.DataAccess.Adapters.PostgreSql", "src\DataAccess\Dccelerator.DataAccess.Adapters.PostgreSql\Dccelerator.DataAccess.Adapters.PostgreSql.csproj", "{08ABE5D8-C12D-4991-A0D7-AFE4CFC317E4}"
EndProject
Global
	GlobalSection(SharedMSBuildProjectFiles) = preSolution
		specs\Dccelerator.Specifications.Shared\Dccelerator.Specifications.Shared.projitems*{33695d1e-6efd-4c81-a607-ae5d541c41be}*SharedItemsImports = 13
		src\Dccelerator.UnShared\Dccelerator.UnShared.projitems*{a1627539-ba93-441e-bb41-00fa61fa5a38}*SharedItemsImports = 13
		specs\Dccelerator.Specifications.Shared\Dccelerator.Specifications.Shared.projitems*{cc4e0cee-8cd4-40ae-b76b-c2f3cf82dbe6}*SharedItemsImports = 4
	EndGlobalSection
	GlobalSection(SolutionConfigurationPlatforms) = preSolution
		Debug|Any CPU = Debug|Any CPU
		Release|Any CPU = Release|Any CPU
	EndGlobalSection
	GlobalSection(ProjectConfigurationPlatforms) = postSolution
		{54F9CC41-92D0-4019-A3A1-7B861EA7B707}.Debug|Any CPU.ActiveCfg = Debug|Any CPU
		{54F9CC41-92D0-4019-A3A1-7B861EA7B707}.Debug|Any CPU.Build.0 = Debug|Any CPU
		{54F9CC41-92D0-4019-A3A1-7B861EA7B707}.Release|Any CPU.ActiveCfg = Release|Any CPU
		{54F9CC41-92D0-4019-A3A1-7B861EA7B707}.Release|Any CPU.Build.0 = Release|Any CPU
		{802E612E-433F-4974-8C7A-38398A982275}.Debug|Any CPU.ActiveCfg = Debug|Any CPU
		{802E612E-433F-4974-8C7A-38398A982275}.Debug|Any CPU.Build.0 = Debug|Any CPU
		{802E612E-433F-4974-8C7A-38398A982275}.Release|Any CPU.ActiveCfg = Release|Any CPU
		{802E612E-433F-4974-8C7A-38398A982275}.Release|Any CPU.Build.0 = Release|Any CPU
		{55FE0A1E-B49A-490B-B4B1-4AA732F00A66}.Debug|Any CPU.ActiveCfg = Debug|Any CPU
		{55FE0A1E-B49A-490B-B4B1-4AA732F00A66}.Debug|Any CPU.Build.0 = Debug|Any CPU
		{55FE0A1E-B49A-490B-B4B1-4AA732F00A66}.Release|Any CPU.ActiveCfg = Release|Any CPU
		{55FE0A1E-B49A-490B-B4B1-4AA732F00A66}.Release|Any CPU.Build.0 = Release|Any CPU
		{EDF7CE71-93E7-4F81-9BFF-66D732B89674}.Debug|Any CPU.ActiveCfg = Debug|Any CPU
		{EDF7CE71-93E7-4F81-9BFF-66D732B89674}.Debug|Any CPU.Build.0 = Debug|Any CPU
		{EDF7CE71-93E7-4F81-9BFF-66D732B89674}.Release|Any CPU.ActiveCfg = Release|Any CPU
		{EDF7CE71-93E7-4F81-9BFF-66D732B89674}.Release|Any CPU.Build.0 = Release|Any CPU
		{5C576A43-3EE7-48CB-8A8C-9B58BECFF0AE}.Debug|Any CPU.ActiveCfg = Debug|Any CPU
		{5C576A43-3EE7-48CB-8A8C-9B58BECFF0AE}.Debug|Any CPU.Build.0 = Debug|Any CPU
		{5C576A43-3EE7-48CB-8A8C-9B58BECFF0AE}.Release|Any CPU.ActiveCfg = Release|Any CPU
		{5C576A43-3EE7-48CB-8A8C-9B58BECFF0AE}.Release|Any CPU.Build.0 = Release|Any CPU
		{5A19F9B4-4A6B-4893-AFAE-567A0B00B6F9}.Debug|Any CPU.ActiveCfg = Debug|Any CPU
		{5A19F9B4-4A6B-4893-AFAE-567A0B00B6F9}.Debug|Any CPU.Build.0 = Debug|Any CPU
		{5A19F9B4-4A6B-4893-AFAE-567A0B00B6F9}.Release|Any CPU.ActiveCfg = Release|Any CPU
		{5A19F9B4-4A6B-4893-AFAE-567A0B00B6F9}.Release|Any CPU.Build.0 = Release|Any CPU
		{CC4E0CEE-8CD4-40AE-B76B-C2F3CF82DBE6}.Debug|Any CPU.ActiveCfg = Debug|Any CPU
		{CC4E0CEE-8CD4-40AE-B76B-C2F3CF82DBE6}.Debug|Any CPU.Build.0 = Debug|Any CPU
		{CC4E0CEE-8CD4-40AE-B76B-C2F3CF82DBE6}.Release|Any CPU.ActiveCfg = Release|Any CPU
		{CC4E0CEE-8CD4-40AE-B76B-C2F3CF82DBE6}.Release|Any CPU.Build.0 = Release|Any CPU
		{BDB0FAEA-2FF9-4697-A20B-5E5E99CF304A}.Debug|Any CPU.ActiveCfg = Debug|Any CPU
		{BDB0FAEA-2FF9-4697-A20B-5E5E99CF304A}.Debug|Any CPU.Build.0 = Debug|Any CPU
		{BDB0FAEA-2FF9-4697-A20B-5E5E99CF304A}.Release|Any CPU.ActiveCfg = Release|Any CPU
		{BDB0FAEA-2FF9-4697-A20B-5E5E99CF304A}.Release|Any CPU.Build.0 = Release|Any CPU
		{0EACD7E7-7238-4900-8CCB-E53E924DB447}.Debug|Any CPU.ActiveCfg = Debug|Any CPU
		{0EACD7E7-7238-4900-8CCB-E53E924DB447}.Debug|Any CPU.Build.0 = Debug|Any CPU
		{0EACD7E7-7238-4900-8CCB-E53E924DB447}.Release|Any CPU.ActiveCfg = Release|Any CPU
		{0EACD7E7-7238-4900-8CCB-E53E924DB447}.Release|Any CPU.Build.0 = Release|Any CPU
		{EC791B19-57FD-443E-86DB-56D2BBD6F87A}.Debug|Any CPU.ActiveCfg = Debug|Any CPU
		{EC791B19-57FD-443E-86DB-56D2BBD6F87A}.Debug|Any CPU.Build.0 = Debug|Any CPU
		{EC791B19-57FD-443E-86DB-56D2BBD6F87A}.Release|Any CPU.ActiveCfg = Release|Any CPU
		{EC791B19-57FD-443E-86DB-56D2BBD6F87A}.Release|Any CPU.Build.0 = Release|Any CPU
		{18DDAEE0-47B6-4814-8A4B-C0FA6E787B01}.Debug|Any CPU.ActiveCfg = Debug|Any CPU
		{18DDAEE0-47B6-4814-8A4B-C0FA6E787B01}.Debug|Any CPU.Build.0 = Debug|Any CPU
		{18DDAEE0-47B6-4814-8A4B-C0FA6E787B01}.Release|Any CPU.ActiveCfg = Release|Any CPU
		{18DDAEE0-47B6-4814-8A4B-C0FA6E787B01}.Release|Any CPU.Build.0 = Release|Any CPU
		{95AE43F0-6C69-45F1-AD51-83302EFC4E86}.Debug|Any CPU.ActiveCfg = Debug|Any CPU
		{95AE43F0-6C69-45F1-AD51-83302EFC4E86}.Debug|Any CPU.Build.0 = Debug|Any CPU
		{95AE43F0-6C69-45F1-AD51-83302EFC4E86}.Release|Any CPU.ActiveCfg = Release|Any CPU
		{95AE43F0-6C69-45F1-AD51-83302EFC4E86}.Release|Any CPU.Build.0 = Release|Any CPU
		{5B2B0C55-5A58-4F20-898C-F6CD2F36C133}.Debug|Any CPU.ActiveCfg = Debug|Any CPU
		{5B2B0C55-5A58-4F20-898C-F6CD2F36C133}.Debug|Any CPU.Build.0 = Debug|Any CPU
		{5B2B0C55-5A58-4F20-898C-F6CD2F36C133}.Release|Any CPU.ActiveCfg = Release|Any CPU
		{5B2B0C55-5A58-4F20-898C-F6CD2F36C133}.Release|Any CPU.Build.0 = Release|Any CPU
		{0AE18BEA-E8B5-4521-B8DA-4932610A4DE6}.Debug|Any CPU.ActiveCfg = Debug|Any CPU
		{0AE18BEA-E8B5-4521-B8DA-4932610A4DE6}.Debug|Any CPU.Build.0 = Debug|Any CPU
		{0AE18BEA-E8B5-4521-B8DA-4932610A4DE6}.Release|Any CPU.ActiveCfg = Release|Any CPU
		{0AE18BEA-E8B5-4521-B8DA-4932610A4DE6}.Release|Any CPU.Build.0 = Release|Any CPU
		{3BC9BD80-0A1C-4F0C-93AD-46171CDF2BB6}.Debug|Any CPU.ActiveCfg = Debug|Any CPU
		{3BC9BD80-0A1C-4F0C-93AD-46171CDF2BB6}.Debug|Any CPU.Build.0 = Debug|Any CPU
		{3BC9BD80-0A1C-4F0C-93AD-46171CDF2BB6}.Release|Any CPU.ActiveCfg = Release|Any CPU
		{3BC9BD80-0A1C-4F0C-93AD-46171CDF2BB6}.Release|Any CPU.Build.0 = Release|Any CPU
		{6F72E935-2CF6-4CE7-8FD0-4DDBB23A8E7A}.Debug|Any CPU.ActiveCfg = Debug|Any CPU
		{6F72E935-2CF6-4CE7-8FD0-4DDBB23A8E7A}.Debug|Any CPU.Build.0 = Debug|Any CPU
		{6F72E935-2CF6-4CE7-8FD0-4DDBB23A8E7A}.Release|Any CPU.ActiveCfg = Release|Any CPU
		{6F72E935-2CF6-4CE7-8FD0-4DDBB23A8E7A}.Release|Any CPU.Build.0 = Release|Any CPU
		{C684BC22-1DCF-4946-88B4-3F0075C786C4}.Debug|Any CPU.ActiveCfg = Debug|Any CPU
		{C684BC22-1DCF-4946-88B4-3F0075C786C4}.Debug|Any CPU.Build.0 = Debug|Any CPU
		{C684BC22-1DCF-4946-88B4-3F0075C786C4}.Release|Any CPU.ActiveCfg = Release|Any CPU
		{C684BC22-1DCF-4946-88B4-3F0075C786C4}.Release|Any CPU.Build.0 = Release|Any CPU
		{08ABE5D8-C12D-4991-A0D7-AFE4CFC317E4}.Debug|Any CPU.ActiveCfg = Debug|Any CPU
		{08ABE5D8-C12D-4991-A0D7-AFE4CFC317E4}.Debug|Any CPU.Build.0 = Debug|Any CPU
		{08ABE5D8-C12D-4991-A0D7-AFE4CFC317E4}.Release|Any CPU.ActiveCfg = Release|Any CPU
		{08ABE5D8-C12D-4991-A0D7-AFE4CFC317E4}.Release|Any CPU.Build.0 = Release|Any CPU
	EndGlobalSection
	GlobalSection(SolutionProperties) = preSolution
		HideSolutionNode = FALSE
	EndGlobalSection
	GlobalSection(NestedProjects) = preSolution
		{2E9AB6D9-9EDB-4652-9B98-7C24AF8DD5B7} = {94A412A9-BC0F-4EC6-8DF8-E15AECB154C5}
		{54F9CC41-92D0-4019-A3A1-7B861EA7B707} = {2E9AB6D9-9EDB-4652-9B98-7C24AF8DD5B7}
		{802E612E-433F-4974-8C7A-38398A982275} = {2E9AB6D9-9EDB-4652-9B98-7C24AF8DD5B7}
		{55FE0A1E-B49A-490B-B4B1-4AA732F00A66} = {2E9AB6D9-9EDB-4652-9B98-7C24AF8DD5B7}
		{EDF7CE71-93E7-4F81-9BFF-66D732B89674} = {2E9AB6D9-9EDB-4652-9B98-7C24AF8DD5B7}
		{5C576A43-3EE7-48CB-8A8C-9B58BECFF0AE} = {2E9AB6D9-9EDB-4652-9B98-7C24AF8DD5B7}
		{5A19F9B4-4A6B-4893-AFAE-567A0B00B6F9} = {2E9AB6D9-9EDB-4652-9B98-7C24AF8DD5B7}
		{33695D1E-6EFD-4C81-A607-AE5D541C41BE} = {8FCF91C8-AB08-4481-BBEE-94F54CF7F170}
		{CC4E0CEE-8CD4-40AE-B76B-C2F3CF82DBE6} = {8FCF91C8-AB08-4481-BBEE-94F54CF7F170}
		{BDB0FAEA-2FF9-4697-A20B-5E5E99CF304A} = {94A412A9-BC0F-4EC6-8DF8-E15AECB154C5}
		{0EACD7E7-7238-4900-8CCB-E53E924DB447} = {2E9AB6D9-9EDB-4652-9B98-7C24AF8DD5B7}
		{EC791B19-57FD-443E-86DB-56D2BBD6F87A} = {8FCF91C8-AB08-4481-BBEE-94F54CF7F170}
		{18DDAEE0-47B6-4814-8A4B-C0FA6E787B01} = {94A412A9-BC0F-4EC6-8DF8-E15AECB154C5}
		{95AE43F0-6C69-45F1-AD51-83302EFC4E86} = {94A412A9-BC0F-4EC6-8DF8-E15AECB154C5}
		{5B2B0C55-5A58-4F20-898C-F6CD2F36C133} = {94A412A9-BC0F-4EC6-8DF8-E15AECB154C5}
		{0AE18BEA-E8B5-4521-B8DA-4932610A4DE6} = {94A412A9-BC0F-4EC6-8DF8-E15AECB154C5}
		{3BC9BD80-0A1C-4F0C-93AD-46171CDF2BB6} = {94A412A9-BC0F-4EC6-8DF8-E15AECB154C5}
		{6F72E935-2CF6-4CE7-8FD0-4DDBB23A8E7A} = {94A412A9-BC0F-4EC6-8DF8-E15AECB154C5}
		{C684BC22-1DCF-4946-88B4-3F0075C786C4} = {2E9AB6D9-9EDB-4652-9B98-7C24AF8DD5B7}
		{A1627539-BA93-441E-BB41-00FA61FA5A38} = {94A412A9-BC0F-4EC6-8DF8-E15AECB154C5}
		{08ABE5D8-C12D-4991-A0D7-AFE4CFC317E4} = {2E9AB6D9-9EDB-4652-9B98-7C24AF8DD5B7}
	EndGlobalSection
	GlobalSection(ExtensibilityGlobals) = postSolution
		SolutionGuid = {86E545B5-25AD-4F90-A8B1-D3FD862AECCD}
	EndGlobalSection
	GlobalSection(CodealikeProperties) = postSolution
		SolutionGuid = d277d950-8cb6-443a-bb7f-3da78e68f24d
	EndGlobalSection
EndGlobal
